
Microsoft Visual Studio Solution File, Format Version 12.00
# Visual Studio Version 16
VisualStudioVersion = 16.0.29509.3
MinimumVisualStudioVersion = 10.0.40219.1
Project("{FAE04EC0-301F-11D3-BF4B-00C04F79EFBC}") = "RetailProject.DataManger", "RetailProject.DataManger\RetailProject.DataManger.csproj", "{A46C4245-3302-4EB7-AEEE-6E414F22F752}"
EndProject
Global
	GlobalSection(SolutionConfigurationPlatforms) = preSolution
		Debug|Any CPU = Debug|Any CPU
		Release|Any CPU = Release|Any CPU
	EndGlobalSection
	GlobalSection(ProjectConfigurationPlatforms) = postSolution
		{A46C4245-3302-4EB7-AEEE-6E414F22F752}.Debug|Any CPU.ActiveCfg = Debug|Any CPU
		{A46C4245-3302-4EB7-AEEE-6E414F22F752}.Debug|Any CPU.Build.0 = Debug|Any CPU
		{A46C4245-3302-4EB7-AEEE-6E414F22F752}.Release|Any CPU.ActiveCfg = Release|Any CPU
		{A46C4245-3302-4EB7-AEEE-6E414F22F752}.Release|Any CPU.Build.0 = Release|Any CPU
	EndGlobalSection
	GlobalSection(SolutionProperties) = preSolution
		HideSolutionNode = FALSE
	EndGlobalSection
	GlobalSection(ExtensibilityGlobals) = postSolution
		SolutionGuid = {4B1BF9F3-021B-434D-B4D1-D92A988FDA07}
	EndGlobalSection
EndGlobal
